// !$*UTF8*$!
{
	archiveVersion = 1;
	classes = {
	};
	objectVersion = 46;
	objects = {

/* Begin PBXBuildFile section */
		42567C351B75A0CB0090D057 /* main.m in Sources */ = {isa = PBXBuildFile; fileRef = 42567C341B75A0CB0090D057 /* main.m */; };
		42567C381B75A0CB0090D057 /* AppDelegate.m in Sources */ = {isa = PBXBuildFile; fileRef = 42567C371B75A0CB0090D057 /* AppDelegate.m */; };
		42567C3B1B75A0CB0090D057 /* ViewController.m in Sources */ = {isa = PBXBuildFile; fileRef = 42567C3A1B75A0CB0090D057 /* ViewController.m */; };
		42567C401B75A0CB0090D057 /* Images.xcassets in Resources */ = {isa = PBXBuildFile; fileRef = 42567C3F1B75A0CB0090D057 /* Images.xcassets */; };
		42567C4F1B75A0CB0090D057 /* ADPagerTests.m in Sources */ = {isa = PBXBuildFile; fileRef = 42567C4E1B75A0CB0090D057 /* ADPagerTests.m */; };
		42CB94431B77A7180091FED6 /* MKAnnotationView+WebCache.m in Sources */ = {isa = PBXBuildFile; fileRef = 42CB94221B77A7180091FED6 /* MKAnnotationView+WebCache.m */; };
		42CB94441B77A7180091FED6 /* NSData+ImageContentType.m in Sources */ = {isa = PBXBuildFile; fileRef = 42CB94241B77A7180091FED6 /* NSData+ImageContentType.m */; };
		42CB94451B77A7180091FED6 /* SDImageCache.m in Sources */ = {isa = PBXBuildFile; fileRef = 42CB94261B77A7180091FED6 /* SDImageCache.m */; };
		42CB94461B77A7180091FED6 /* SDWebImageCompat.m in Sources */ = {isa = PBXBuildFile; fileRef = 42CB94291B77A7180091FED6 /* SDWebImageCompat.m */; };
		42CB94471B77A7180091FED6 /* SDWebImageDecoder.m in Sources */ = {isa = PBXBuildFile; fileRef = 42CB942B1B77A7180091FED6 /* SDWebImageDecoder.m */; };
		42CB94481B77A7180091FED6 /* SDWebImageDownloader.m in Sources */ = {isa = PBXBuildFile; fileRef = 42CB942D1B77A7180091FED6 /* SDWebImageDownloader.m */; };
		42CB94491B77A7180091FED6 /* SDWebImageDownloaderOperation.m in Sources */ = {isa = PBXBuildFile; fileRef = 42CB942F1B77A7180091FED6 /* SDWebImageDownloaderOperation.m */; };
		42CB944A1B77A7180091FED6 /* SDWebImageManager.m in Sources */ = {isa = PBXBuildFile; fileRef = 42CB94311B77A7180091FED6 /* SDWebImageManager.m */; };
		42CB944B1B77A7180091FED6 /* SDWebImagePrefetcher.m in Sources */ = {isa = PBXBuildFile; fileRef = 42CB94341B77A7180091FED6 /* SDWebImagePrefetcher.m */; };
		42CB944C1B77A7180091FED6 /* UIButton+WebCache.m in Sources */ = {isa = PBXBuildFile; fileRef = 42CB94361B77A7180091FED6 /* UIButton+WebCache.m */; };
		42CB944D1B77A7180091FED6 /* UIImage+GIF.m in Sources */ = {isa = PBXBuildFile; fileRef = 42CB94381B77A7180091FED6 /* UIImage+GIF.m */; };
		42CB944E1B77A7180091FED6 /* UIImage+MultiFormat.m in Sources */ = {isa = PBXBuildFile; fileRef = 42CB943A1B77A7180091FED6 /* UIImage+MultiFormat.m */; };
		42CB944F1B77A7180091FED6 /* UIImage+WebP.m in Sources */ = {isa = PBXBuildFile; fileRef = 42CB943C1B77A7180091FED6 /* UIImage+WebP.m */; };
		42CB94501B77A7180091FED6 /* UIImageView+HighlightedWebCache.m in Sources */ = {isa = PBXBuildFile; fileRef = 42CB943E1B77A7180091FED6 /* UIImageView+HighlightedWebCache.m */; };
		42CB94511B77A7180091FED6 /* UIImageView+WebCache.m in Sources */ = {isa = PBXBuildFile; fileRef = 42CB94401B77A7180091FED6 /* UIImageView+WebCache.m */; };
		42CB94521B77A7180091FED6 /* UIView+WebCacheOperation.m in Sources */ = {isa = PBXBuildFile; fileRef = 42CB94421B77A7180091FED6 /* UIView+WebCacheOperation.m */; };
		42CB94581B7885F30091FED6 /* Image0.jpg in Resources */ = {isa = PBXBuildFile; fileRef = 42CB94541B7885F30091FED6 /* Image0.jpg */; };
		42CB94591B7885F30091FED6 /* Image1.jpg in Resources */ = {isa = PBXBuildFile; fileRef = 42CB94551B7885F30091FED6 /* Image1.jpg */; };
		42CB945A1B7885F30091FED6 /* Image2.jpg in Resources */ = {isa = PBXBuildFile; fileRef = 42CB94561B7885F30091FED6 /* Image2.jpg */; };
		42CB945B1B7885F30091FED6 /* Image3.jpg in Resources */ = {isa = PBXBuildFile; fileRef = 42CB94571B7885F30091FED6 /* Image3.jpg */; };
		42CB945D1B78D2B40091FED6 /* rabbit.jpg in Resources */ = {isa = PBXBuildFile; fileRef = 42CB945C1B78D2B40091FED6 /* rabbit.jpg */; };
		42CEF81E1B7734C400854BFE /* ADView.m in Sources */ = {isa = PBXBuildFile; fileRef = 42CEF81D1B7734C400854BFE /* ADView.m */; };
/* End PBXBuildFile section */

/* Begin PBXContainerItemProxy section */
		42567C491B75A0CB0090D057 /* PBXContainerItemProxy */ = {
			isa = PBXContainerItemProxy;
			containerPortal = 42567C271B75A0CB0090D057 /* Project object */;
			proxyType = 1;
			remoteGlobalIDString = 42567C2E1B75A0CB0090D057;
			remoteInfo = ADPager;
		};
/* End PBXContainerItemProxy section */

/* Begin PBXFileReference section */
		42567C2F1B75A0CB0090D057 /* ADPager.app */ = {isa = PBXFileReference; explicitFileType = wrapper.application; includeInIndex = 0; path = ADPager.app; sourceTree = BUILT_PRODUCTS_DIR; };
		42567C331B75A0CB0090D057 /* Info.plist */ = {isa = PBXFileReference; lastKnownFileType = text.plist.xml; path = Info.plist; sourceTree = "<group>"; };
		42567C341B75A0CB0090D057 /* main.m */ = {isa = PBXFileReference; lastKnownFileType = sourcecode.c.objc; path = main.m; sourceTree = "<group>"; };
		42567C361B75A0CB0090D057 /* AppDelegate.h */ = {isa = PBXFileReference; lastKnownFileType = sourcecode.c.h; path = AppDelegate.h; sourceTree = "<group>"; };
		42567C371B75A0CB0090D057 /* AppDelegate.m */ = {isa = PBXFileReference; lastKnownFileType = sourcecode.c.objc; path = AppDelegate.m; sourceTree = "<group>"; };
		42567C391B75A0CB0090D057 /* ViewController.h */ = {isa = PBXFileReference; lastKnownFileType = sourcecode.c.h; path = ViewController.h; sourceTree = "<group>"; };
		42567C3A1B75A0CB0090D057 /* ViewController.m */ = {isa = PBXFileReference; lastKnownFileType = sourcecode.c.objc; path = ViewController.m; sourceTree = "<group>"; };
		42567C3F1B75A0CB0090D057 /* Images.xcassets */ = {isa = PBXFileReference; lastKnownFileType = folder.assetcatalog; path = Images.xcassets; sourceTree = "<group>"; };
		42567C481B75A0CB0090D057 /* ADPagerTests.xctest */ = {isa = PBXFileReference; explicitFileType = wrapper.cfbundle; includeInIndex = 0; path = ADPagerTests.xctest; sourceTree = BUILT_PRODUCTS_DIR; };
		42567C4D1B75A0CB0090D057 /* Info.plist */ = {isa = PBXFileReference; lastKnownFileType = text.plist.xml; path = Info.plist; sourceTree = "<group>"; };
		42567C4E1B75A0CB0090D057 /* ADPagerTests.m */ = {isa = PBXFileReference; lastKnownFileType = sourcecode.c.objc; path = ADPagerTests.m; sourceTree = "<group>"; };
		42CB94211B77A7180091FED6 /* MKAnnotationView+WebCache.h */ = {isa = PBXFileReference; fileEncoding = 4; lastKnownFileType = sourcecode.c.h; path = "MKAnnotationView+WebCache.h"; sourceTree = "<group>"; };
		42CB94221B77A7180091FED6 /* MKAnnotationView+WebCache.m */ = {isa = PBXFileReference; fileEncoding = 4; lastKnownFileType = sourcecode.c.objc; path = "MKAnnotationView+WebCache.m"; sourceTree = "<group>"; };
		42CB94231B77A7180091FED6 /* NSData+ImageContentType.h */ = {isa = PBXFileReference; fileEncoding = 4; lastKnownFileType = sourcecode.c.h; path = "NSData+ImageContentType.h"; sourceTree = "<group>"; };
		42CB94241B77A7180091FED6 /* NSData+ImageContentType.m */ = {isa = PBXFileReference; fileEncoding = 4; lastKnownFileType = sourcecode.c.objc; path = "NSData+ImageContentType.m"; sourceTree = "<group>"; };
		42CB94251B77A7180091FED6 /* SDImageCache.h */ = {isa = PBXFileReference; fileEncoding = 4; lastKnownFileType = sourcecode.c.h; path = SDImageCache.h; sourceTree = "<group>"; };
		42CB94261B77A7180091FED6 /* SDImageCache.m */ = {isa = PBXFileReference; fileEncoding = 4; lastKnownFileType = sourcecode.c.objc; path = SDImageCache.m; sourceTree = "<group>"; };
		42CB94271B77A7180091FED6 /* SDImageCacheDelegate.h */ = {isa = PBXFileReference; fileEncoding = 4; lastKnownFileType = sourcecode.c.h; path = SDImageCacheDelegate.h; sourceTree = "<group>"; };
		42CB94281B77A7180091FED6 /* SDWebImageCompat.h */ = {isa = PBXFileReference; fileEncoding = 4; lastKnownFileType = sourcecode.c.h; path = SDWebImageCompat.h; sourceTree = "<group>"; };
		42CB94291B77A7180091FED6 /* SDWebImageCompat.m */ = {isa = PBXFileReference; fileEncoding = 4; lastKnownFileType = sourcecode.c.objc; path = SDWebImageCompat.m; sourceTree = "<group>"; };
		42CB942A1B77A7180091FED6 /* SDWebImageDecoder.h */ = {isa = PBXFileReference; fileEncoding = 4; lastKnownFileType = sourcecode.c.h; path = SDWebImageDecoder.h; sourceTree = "<group>"; };
		42CB942B1B77A7180091FED6 /* SDWebImageDecoder.m */ = {isa = PBXFileReference; fileEncoding = 4; lastKnownFileType = sourcecode.c.objc; path = SDWebImageDecoder.m; sourceTree = "<group>"; };
		42CB942C1B77A7180091FED6 /* SDWebImageDownloader.h */ = {isa = PBXFileReference; fileEncoding = 4; lastKnownFileType = sourcecode.c.h; path = SDWebImageDownloader.h; sourceTree = "<group>"; };
		42CB942D1B77A7180091FED6 /* SDWebImageDownloader.m */ = {isa = PBXFileReference; fileEncoding = 4; lastKnownFileType = sourcecode.c.objc; path = SDWebImageDownloader.m; sourceTree = "<group>"; };
		42CB942E1B77A7180091FED6 /* SDWebImageDownloaderOperation.h */ = {isa = PBXFileReference; fileEncoding = 4; lastKnownFileType = sourcecode.c.h; path = SDWebImageDownloaderOperation.h; sourceTree = "<group>"; };
		42CB942F1B77A7180091FED6 /* SDWebImageDownloaderOperation.m */ = {isa = PBXFileReference; fileEncoding = 4; lastKnownFileType = sourcecode.c.objc; path = SDWebImageDownloaderOperation.m; sourceTree = "<group>"; };
		42CB94301B77A7180091FED6 /* SDWebImageManager.h */ = {isa = PBXFileReference; fileEncoding = 4; lastKnownFileType = sourcecode.c.h; path = SDWebImageManager.h; sourceTree = "<group>"; };
		42CB94311B77A7180091FED6 /* SDWebImageManager.m */ = {isa = PBXFileReference; fileEncoding = 4; lastKnownFileType = sourcecode.c.objc; path = SDWebImageManager.m; sourceTree = "<group>"; };
		42CB94321B77A7180091FED6 /* SDWebImageOperation.h */ = {isa = PBXFileReference; fileEncoding = 4; lastKnownFileType = sourcecode.c.h; path = SDWebImageOperation.h; sourceTree = "<group>"; };
		42CB94331B77A7180091FED6 /* SDWebImagePrefetcher.h */ = {isa = PBXFileReference; fileEncoding = 4; lastKnownFileType = sourcecode.c.h; path = SDWebImagePrefetcher.h; sourceTree = "<group>"; };
		42CB94341B77A7180091FED6 /* SDWebImagePrefetcher.m */ = {isa = PBXFileReference; fileEncoding = 4; lastKnownFileType = sourcecode.c.objc; path = SDWebImagePrefetcher.m; sourceTree = "<group>"; };
		42CB94351B77A7180091FED6 /* UIButton+WebCache.h */ = {isa = PBXFileReference; fileEncoding = 4; lastKnownFileType = sourcecode.c.h; path = "UIButton+WebCache.h"; sourceTree = "<group>"; };
		42CB94361B77A7180091FED6 /* UIButton+WebCache.m */ = {isa = PBXFileReference; fileEncoding = 4; lastKnownFileType = sourcecode.c.objc; path = "UIButton+WebCache.m"; sourceTree = "<group>"; };
		42CB94371B77A7180091FED6 /* UIImage+GIF.h */ = {isa = PBXFileReference; fileEncoding = 4; lastKnownFileType = sourcecode.c.h; path = "UIImage+GIF.h"; sourceTree = "<group>"; };
		42CB94381B77A7180091FED6 /* UIImage+GIF.m */ = {isa = PBXFileReference; fileEncoding = 4; lastKnownFileType = sourcecode.c.objc; path = "UIImage+GIF.m"; sourceTree = "<group>"; };
		42CB94391B77A7180091FED6 /* UIImage+MultiFormat.h */ = {isa = PBXFileReference; fileEncoding = 4; lastKnownFileType = sourcecode.c.h; path = "UIImage+MultiFormat.h"; sourceTree = "<group>"; };
		42CB943A1B77A7180091FED6 /* UIImage+MultiFormat.m */ = {isa = PBXFileReference; fileEncoding = 4; lastKnownFileType = sourcecode.c.objc; path = "UIImage+MultiFormat.m"; sourceTree = "<group>"; };
		42CB943B1B77A7180091FED6 /* UIImage+WebP.h */ = {isa = PBXFileReference; fileEncoding = 4; lastKnownFileType = sourcecode.c.h; path = "UIImage+WebP.h"; sourceTree = "<group>"; };
		42CB943C1B77A7180091FED6 /* UIImage+WebP.m */ = {isa = PBXFileReference; fileEncoding = 4; lastKnownFileType = sourcecode.c.objc; path = "UIImage+WebP.m"; sourceTree = "<group>"; };
		42CB943D1B77A7180091FED6 /* UIImageView+HighlightedWebCache.h */ = {isa = PBXFileReference; fileEncoding = 4; lastKnownFileType = sourcecode.c.h; path = "UIImageView+HighlightedWebCache.h"; sourceTree = "<group>"; };
		42CB943E1B77A7180091FED6 /* UIImageView+HighlightedWebCache.m */ = {isa = PBXFileReference; fileEncoding = 4; lastKnownFileType = sourcecode.c.objc; path = "UIImageView+HighlightedWebCache.m"; sourceTree = "<group>"; };
		42CB943F1B77A7180091FED6 /* UIImageView+WebCache.h */ = {isa = PBXFileReference; fileEncoding = 4; lastKnownFileType = sourcecode.c.h; path = "UIImageView+WebCache.h"; sourceTree = "<group>"; };
		42CB94401B77A7180091FED6 /* UIImageView+WebCache.m */ = {isa = PBXFileReference; fileEncoding = 4; lastKnownFileType = sourcecode.c.objc; path = "UIImageView+WebCache.m"; sourceTree = "<group>"; };
		42CB94411B77A7180091FED6 /* UIView+WebCacheOperation.h */ = {isa = PBXFileReference; fileEncoding = 4; lastKnownFileType = sourcecode.c.h; path = "UIView+WebCacheOperation.h"; sourceTree = "<group>"; };
		42CB94421B77A7180091FED6 /* UIView+WebCacheOperation.m */ = {isa = PBXFileReference; fileEncoding = 4; lastKnownFileType = sourcecode.c.objc; path = "UIView+WebCacheOperation.m"; sourceTree = "<group>"; };
		42CB94541B7885F30091FED6 /* Image0.jpg */ = {isa = PBXFileReference; lastKnownFileType = image.jpeg; path = Image0.jpg; sourceTree = "<group>"; };
		42CB94551B7885F30091FED6 /* Image1.jpg */ = {isa = PBXFileReference; lastKnownFileType = image.jpeg; path = Image1.jpg; sourceTree = "<group>"; };
		42CB94561B7885F30091FED6 /* Image2.jpg */ = {isa = PBXFileReference; lastKnownFileType = image.jpeg; path = Image2.jpg; sourceTree = "<group>"; };
		42CB94571B7885F30091FED6 /* Image3.jpg */ = {isa = PBXFileReference; lastKnownFileType = image.jpeg; path = Image3.jpg; sourceTree = "<group>"; };
		42CB945C1B78D2B40091FED6 /* rabbit.jpg */ = {isa = PBXFileReference; lastKnownFileType = image.jpeg; path = rabbit.jpg; sourceTree = "<group>"; };
		42CEF81C1B7734C400854BFE /* ADView.h */ = {isa = PBXFileReference; fileEncoding = 4; lastKnownFileType = sourcecode.c.h; path = ADView.h; sourceTree = "<group>"; };
		42CEF81D1B7734C400854BFE /* ADView.m */ = {isa = PBXFileReference; fileEncoding = 4; lastKnownFileType = sourcecode.c.objc; path = ADView.m; sourceTree = "<group>"; };
/* End PBXFileReference section */

/* Begin PBXFrameworksBuildPhase section */
		42567C2C1B75A0CB0090D057 /* Frameworks */ = {
			isa = PBXFrameworksBuildPhase;
			buildActionMask = 2147483647;
			files = (
			);
			runOnlyForDeploymentPostprocessing = 0;
		};
		42567C451B75A0CB0090D057 /* Frameworks */ = {
			isa = PBXFrameworksBuildPhase;
			buildActionMask = 2147483647;
			files = (
			);
			runOnlyForDeploymentPostprocessing = 0;
		};
/* End PBXFrameworksBuildPhase section */

/* Begin PBXGroup section */
		42567C261B75A0CB0090D057 = {
			isa = PBXGroup;
			children = (
				42567C311B75A0CB0090D057 /* ADPager */,
				42567C4B1B75A0CB0090D057 /* ADPagerTests */,
				42567C301B75A0CB0090D057 /* Products */,
			);
			sourceTree = "<group>";
		};
		42567C301B75A0CB0090D057 /* Products */ = {
			isa = PBXGroup;
			children = (
				42567C2F1B75A0CB0090D057 /* ADPager.app */,
				42567C481B75A0CB0090D057 /* ADPagerTests.xctest */,
			);
			name = Products;
			sourceTree = "<group>";
		};
		42567C311B75A0CB0090D057 /* ADPager */ = {
			isa = PBXGroup;
			children = (
				42CB94531B7885F30091FED6 /* Resource */,
				42CB941F1B77A7180091FED6 /* 3rdParty */,
				42CEF81B1B77347D00854BFE /* ADView */,
				42567C361B75A0CB0090D057 /* AppDelegate.h */,
				42567C371B75A0CB0090D057 /* AppDelegate.m */,
				42567C391B75A0CB0090D057 /* ViewController.h */,
				42567C3A1B75A0CB0090D057 /* ViewController.m */,
				42567C3F1B75A0CB0090D057 /* Images.xcassets */,
				42567C321B75A0CB0090D057 /* Supporting Files */,
			);
			path = ADPager;
			sourceTree = "<group>";
		};
		42567C321B75A0CB0090D057 /* Supporting Files */ = {
			isa = PBXGroup;
			children = (
				42567C331B75A0CB0090D057 /* Info.plist */,
				42567C341B75A0CB0090D057 /* main.m */,
			);
			name = "Supporting Files";
			sourceTree = "<group>";
		};
		42567C4B1B75A0CB0090D057 /* ADPagerTests */ = {
			isa = PBXGroup;
			children = (
				42567C4E1B75A0CB0090D057 /* ADPagerTests.m */,
				42567C4C1B75A0CB0090D057 /* Supporting Files */,
			);
			path = ADPagerTests;
			sourceTree = "<group>";
		};
		42567C4C1B75A0CB0090D057 /* Supporting Files */ = {
			isa = PBXGroup;
			children = (
				42567C4D1B75A0CB0090D057 /* Info.plist */,
			);
			name = "Supporting Files";
			sourceTree = "<group>";
		};
		42CB941F1B77A7180091FED6 /* 3rdParty */ = {
			isa = PBXGroup;
			children = (
				42CB94201B77A7180091FED6 /* SDWebImage */,
			);
			path = 3rdParty;
			sourceTree = "<group>";
		};
		42CB94201B77A7180091FED6 /* SDWebImage */ = {
			isa = PBXGroup;
			children = (
				42CB94211B77A7180091FED6 /* MKAnnotationView+WebCache.h */,
				42CB94221B77A7180091FED6 /* MKAnnotationView+WebCache.m */,
				42CB94231B77A7180091FED6 /* NSData+ImageContentType.h */,
				42CB94241B77A7180091FED6 /* NSData+ImageContentType.m */,
				42CB94251B77A7180091FED6 /* SDImageCache.h */,
				42CB94261B77A7180091FED6 /* SDImageCache.m */,
				42CB94271B77A7180091FED6 /* SDImageCacheDelegate.h */,
				42CB94281B77A7180091FED6 /* SDWebImageCompat.h */,
				42CB94291B77A7180091FED6 /* SDWebImageCompat.m */,
				42CB942A1B77A7180091FED6 /* SDWebImageDecoder.h */,
				42CB942B1B77A7180091FED6 /* SDWebImageDecoder.m */,
				42CB942C1B77A7180091FED6 /* SDWebImageDownloader.h */,
				42CB942D1B77A7180091FED6 /* SDWebImageDownloader.m */,
				42CB942E1B77A7180091FED6 /* SDWebImageDownloaderOperation.h */,
				42CB942F1B77A7180091FED6 /* SDWebImageDownloaderOperation.m */,
				42CB94301B77A7180091FED6 /* SDWebImageManager.h */,
				42CB94311B77A7180091FED6 /* SDWebImageManager.m */,
				42CB94321B77A7180091FED6 /* SDWebImageOperation.h */,
				42CB94331B77A7180091FED6 /* SDWebImagePrefetcher.h */,
				42CB94341B77A7180091FED6 /* SDWebImagePrefetcher.m */,
				42CB94351B77A7180091FED6 /* UIButton+WebCache.h */,
				42CB94361B77A7180091FED6 /* UIButton+WebCache.m */,
				42CB94371B77A7180091FED6 /* UIImage+GIF.h */,
				42CB94381B77A7180091FED6 /* UIImage+GIF.m */,
				42CB94391B77A7180091FED6 /* UIImage+MultiFormat.h */,
				42CB943A1B77A7180091FED6 /* UIImage+MultiFormat.m */,
				42CB943B1B77A7180091FED6 /* UIImage+WebP.h */,
				42CB943C1B77A7180091FED6 /* UIImage+WebP.m */,
				42CB943D1B77A7180091FED6 /* UIImageView+HighlightedWebCache.h */,
				42CB943E1B77A7180091FED6 /* UIImageView+HighlightedWebCache.m */,
				42CB943F1B77A7180091FED6 /* UIImageView+WebCache.h */,
				42CB94401B77A7180091FED6 /* UIImageView+WebCache.m */,
				42CB94411B77A7180091FED6 /* UIView+WebCacheOperation.h */,
				42CB94421B77A7180091FED6 /* UIView+WebCacheOperation.m */,
			);
			path = SDWebImage;
			sourceTree = "<group>";
		};
		42CB94531B7885F30091FED6 /* Resource */ = {
			isa = PBXGroup;
			children = (
				42CB94541B7885F30091FED6 /* Image0.jpg */,
				42CB94551B7885F30091FED6 /* Image1.jpg */,
				42CB94561B7885F30091FED6 /* Image2.jpg */,
				42CB94571B7885F30091FED6 /* Image3.jpg */,
				42CB945C1B78D2B40091FED6 /* rabbit.jpg */,
			);
			path = Resource;
			sourceTree = "<group>";
		};
		42CEF81B1B77347D00854BFE /* ADView */ = {
			isa = PBXGroup;
			children = (
				42CEF81C1B7734C400854BFE /* ADView.h */,
				42CEF81D1B7734C400854BFE /* ADView.m */,
			);
			name = ADView;
			sourceTree = "<group>";
		};
/* End PBXGroup section */

/* Begin PBXNativeTarget section */
		42567C2E1B75A0CB0090D057 /* ADPager */ = {
			isa = PBXNativeTarget;
			buildConfigurationList = 42567C521B75A0CB0090D057 /* Build configuration list for PBXNativeTarget "ADPager" */;
			buildPhases = (
				42567C2B1B75A0CB0090D057 /* Sources */,
				42567C2C1B75A0CB0090D057 /* Frameworks */,
				42567C2D1B75A0CB0090D057 /* Resources */,
			);
			buildRules = (
			);
			dependencies = (
			);
			name = ADPager;
			productName = ADPager;
			productReference = 42567C2F1B75A0CB0090D057 /* ADPager.app */;
			productType = "com.apple.product-type.application";
		};
		42567C471B75A0CB0090D057 /* ADPagerTests */ = {
			isa = PBXNativeTarget;
			buildConfigurationList = 42567C551B75A0CB0090D057 /* Build configuration list for PBXNativeTarget "ADPagerTests" */;
			buildPhases = (
				42567C441B75A0CB0090D057 /* Sources */,
				42567C451B75A0CB0090D057 /* Frameworks */,
				42567C461B75A0CB0090D057 /* Resources */,
			);
			buildRules = (
			);
			dependencies = (
				42567C4A1B75A0CB0090D057 /* PBXTargetDependency */,
			);
			name = ADPagerTests;
			productName = ADPagerTests;
			productReference = 42567C481B75A0CB0090D057 /* ADPagerTests.xctest */;
			productType = "com.apple.product-type.bundle.unit-test";
		};
/* End PBXNativeTarget section */

/* Begin PBXProject section */
		42567C271B75A0CB0090D057 /* Project object */ = {
			isa = PBXProject;
			attributes = {
				LastUpgradeCheck = 0630;
				ORGANIZATIONNAME = "Roy Lin";
				TargetAttributes = {
					42567C2E1B75A0CB0090D057 = {
						CreatedOnToolsVersion = 6.3;
					};
					42567C471B75A0CB0090D057 = {
						CreatedOnToolsVersion = 6.3;
						TestTargetID = 42567C2E1B75A0CB0090D057;
					};
				};
			};
			buildConfigurationList = 42567C2A1B75A0CB0090D057 /* Build configuration list for PBXProject "ADPager" */;
			compatibilityVersion = "Xcode 3.2";
			developmentRegion = English;
			hasScannedForEncodings = 0;
			knownRegions = (
				en,
				Base,
			);
			mainGroup = 42567C261B75A0CB0090D057;
			productRefGroup = 42567C301B75A0CB0090D057 /* Products */;
			projectDirPath = "";
			projectRoot = "";
			targets = (
				42567C2E1B75A0CB0090D057 /* ADPager */,
				42567C471B75A0CB0090D057 /* ADPagerTests */,
			);
		};
/* End PBXProject section */

/* Begin PBXResourcesBuildPhase section */
		42567C2D1B75A0CB0090D057 /* Resources */ = {
			isa = PBXResourcesBuildPhase;
			buildActionMask = 2147483647;
			files = (
				42CB945B1B7885F30091FED6 /* Image3.jpg in Resources */,
				42CB945D1B78D2B40091FED6 /* rabbit.jpg in Resources */,
				42CB94591B7885F30091FED6 /* Image1.jpg in Resources */,
				42CB94581B7885F30091FED6 /* Image0.jpg in Resources */,
				42CB945A1B7885F30091FED6 /* Image2.jpg in Resources */,
				42567C401B75A0CB0090D057 /* Images.xcassets in Resources */,
			);
			runOnlyForDeploymentPostprocessing = 0;
		};
		42567C461B75A0CB0090D057 /* Resources */ = {
			isa = PBXResourcesBuildPhase;
			buildActionMask = 2147483647;
			files = (
			);
			runOnlyForDeploymentPostprocessing = 0;
		};
/* End PBXResourcesBuildPhase section */

/* Begin PBXSourcesBuildPhase section */
		42567C2B1B75A0CB0090D057 /* Sources */ = {
			isa = PBXSourcesBuildPhase;
			buildActionMask = 2147483647;
			files = (
				42CB94501B77A7180091FED6 /* UIImageView+HighlightedWebCache.m in Sources */,
				42CB944E1B77A7180091FED6 /* UIImage+MultiFormat.m in Sources */,
				42CB94491B77A7180091FED6 /* SDWebImageDownloaderOperation.m in Sources */,
				42567C3B1B75A0CB0090D057 /* ViewController.m in Sources */,
				42CB94461B77A7180091FED6 /* SDWebImageCompat.m in Sources */,
				42CB944D1B77A7180091FED6 /* UIImage+GIF.m in Sources */,
				42CB944B1B77A7180091FED6 /* SDWebImagePrefetcher.m in Sources */,
				42567C381B75A0CB0090D057 /* AppDelegate.m in Sources */,
				42567C351B75A0CB0090D057 /* main.m in Sources */,
				42CB944F1B77A7180091FED6 /* UIImage+WebP.m in Sources */,
				42CB94511B77A7180091FED6 /* UIImageView+WebCache.m in Sources */,
				42CB94481B77A7180091FED6 /* SDWebImageDownloader.m in Sources */,
				42CB94521B77A7180091FED6 /* UIView+WebCacheOperation.m in Sources */,
				42CB944C1B77A7180091FED6 /* UIButton+WebCache.m in Sources */,
				42CB94431B77A7180091FED6 /* MKAnnotationView+WebCache.m in Sources */,
				42CB94441B77A7180091FED6 /* NSData+ImageContentType.m in Sources */,
				42CEF81E1B7734C400854BFE /* ADView.m in Sources */,
				42CB944A1B77A7180091FED6 /* SDWebImageManager.m in Sources */,
				42CB94471B77A7180091FED6 /* SDWebImageDecoder.m in Sources */,
				42CB94451B77A7180091FED6 /* SDImageCache.m in Sources */,
			);
			runOnlyForDeploymentPostprocessing = 0;
		};
		42567C441B75A0CB0090D057 /* Sources */ = {
			isa = PBXSourcesBuildPhase;
			buildActionMask = 2147483647;
			files = (
				42567C4F1B75A0CB0090D057 /* ADPagerTests.m in Sources */,
			);
			runOnlyForDeploymentPostprocessing = 0;
		};
/* End PBXSourcesBuildPhase section */

/* Begin PBXTargetDependency section */
		42567C4A1B75A0CB0090D057 /* PBXTargetDependency */ = {
			isa = PBXTargetDependency;
			target = 42567C2E1B75A0CB0090D057 /* ADPager */;
			targetProxy = 42567C491B75A0CB0090D057 /* PBXContainerItemProxy */;
		};
/* End PBXTargetDependency section */

/* Begin XCBuildConfiguration section */
		42567C501B75A0CB0090D057 /* Debug */ = {
			isa = XCBuildConfiguration;
			buildSettings = {
				ALWAYS_SEARCH_USER_PATHS = NO;
				CLANG_CXX_LANGUAGE_STANDARD = "gnu++0x";
				CLANG_CXX_LIBRARY = "libc++";
				CLANG_ENABLE_MODULES = YES;
				CLANG_ENABLE_OBJC_ARC = YES;
				CLANG_WARN_BOOL_CONVERSION = YES;
				CLANG_WARN_CONSTANT_CONVERSION = YES;
				CLANG_WARN_DIRECT_OBJC_ISA_USAGE = YES_ERROR;
				CLANG_WARN_EMPTY_BODY = YES;
				CLANG_WARN_ENUM_CONVERSION = YES;
				CLANG_WARN_INT_CONVERSION = YES;
				CLANG_WARN_OBJC_ROOT_CLASS = YES_ERROR;
				CLANG_WARN_UNREACHABLE_CODE = YES;
				CLANG_WARN__DUPLICATE_METHOD_MATCH = YES;
				"CODE_SIGN_IDENTITY[sdk=iphoneos*]" = "iPhone Developer";
				COPY_PHASE_STRIP = NO;
				DEBUG_INFORMATION_FORMAT = "dwarf-with-dsym";
				ENABLE_STRICT_OBJC_MSGSEND = YES;
				GCC_C_LANGUAGE_STANDARD = gnu99;
				GCC_DYNAMIC_NO_PIC = NO;
				GCC_NO_COMMON_BLOCKS = YES;
				GCC_OPTIMIZATION_LEVEL = 0;
				GCC_PREPROCESSOR_DEFINITIONS = (
					"DEBUG=1",
					"$(inherited)",
				);
				GCC_SYMBOLS_PRIVATE_EXTERN = NO;
				GCC_WARN_64_TO_32_BIT_CONVERSION = YES;
				GCC_WARN_ABOUT_RETURN_TYPE = YES_ERROR;
				GCC_WARN_UNDECLARED_SELECTOR = YES;
				GCC_WARN_UNINITIALIZED_AUTOS = YES_AGGRESSIVE;
				GCC_WARN_UNUSED_FUNCTION = YES;
				GCC_WARN_UNUSED_VARIABLE = YES;
				IPHONEOS_DEPLOYMENT_TARGET = 8.3;
				MTL_ENABLE_DEBUG_INFO = YES;
				ONLY_ACTIVE_ARCH = YES;
				SDKROOT = iphoneos;
				TARGETED_DEVICE_FAMILY = "1,2";
			};
			name = Debug;
		};
		42567C511B75A0CB0090D057 /* Release */ = {
			isa = XCBuildConfiguration;
			buildSettings = {
				ALWAYS_SEARCH_USER_PATHS = NO;
				CLANG_CXX_LANGUAGE_STANDARD = "gnu++0x";
				CLANG_CXX_LIBRARY = "libc++";
				CLANG_ENABLE_MODULES = YES;
				CLANG_ENABLE_OBJC_ARC = YES;
				CLANG_WARN_BOOL_CONVERSION = YES;
				CLANG_WARN_CONSTANT_CONVERSION = YES;
				CLANG_WARN_DIRECT_OBJC_ISA_USAGE = YES_ERROR;
				CLANG_WARN_EMPTY_BODY = YES;
				CLANG_WARN_ENUM_CONVERSION = YES;
				CLANG_WARN_INT_CONVERSION = YES;
				CLANG_WARN_OBJC_ROOT_CLASS = YES_ERROR;
				CLANG_WARN_UNREACHABLE_CODE = YES;
				CLANG_WARN__DUPLICATE_METHOD_MATCH = YES;
				"CODE_SIGN_IDENTITY[sdk=iphoneos*]" = "iPhone Developer";
				COPY_PHASE_STRIP = NO;
				DEBUG_INFORMATION_FORMAT = "dwarf-with-dsym";
				ENABLE_NS_ASSERTIONS = NO;
				ENABLE_STRICT_OBJC_MSGSEND = YES;
				GCC_C_LANGUAGE_STANDARD = gnu99;
				GCC_NO_COMMON_BLOCKS = YES;
				GCC_WARN_64_TO_32_BIT_CONVERSION = YES;
				GCC_WARN_ABOUT_RETURN_TYPE = YES_ERROR;
				GCC_WARN_UNDECLARED_SELECTOR = YES;
				GCC_WARN_UNINITIALIZED_AUTOS = YES_AGGRESSIVE;
				GCC_WARN_UNUSED_FUNCTION = YES;
				GCC_WARN_UNUSED_VARIABLE = YES;
				IPHONEOS_DEPLOYMENT_TARGET = 8.3;
				MTL_ENABLE_DEBUG_INFO = NO;
				SDKROOT = iphoneos;
				TARGETED_DEVICE_FAMILY = "1,2";
				VALIDATE_PRODUCT = YES;
			};
			name = Release;
		};
		42567C531B75A0CB0090D057 /* Debug */ = {
			isa = XCBuildConfiguration;
			buildSettings = {
				ASSETCATALOG_COMPILER_LAUNCHIMAGE_NAME = LaunchImage;
				INFOPLIST_FILE = ADPager/Info.plist;
				IPHONEOS_DEPLOYMENT_TARGET = 7.0;
				LD_RUNPATH_SEARCH_PATHS = "$(inherited) @executable_path/Frameworks";
				PRODUCT_NAME = "$(TARGET_NAME)";
			};
			name = Debug;
		};
		42567C541B75A0CB0090D057 /* Release */ = {
			isa = XCBuildConfiguration;
			buildSettings = {
				ASSETCATALOG_COMPILER_LAUNCHIMAGE_NAME = LaunchImage;
				INFOPLIST_FILE = ADPager/Info.plist;
				IPHONEOS_DEPLOYMENT_TARGET = 7.0;
				LD_RUNPATH_SEARCH_PATHS = "$(inherited) @executable_path/Frameworks";
				PRODUCT_NAME = "$(TARGET_NAME)";
			};
			name = Release;
		};
		42567C561B75A0CB0090D057 /* Debug */ = {
			isa = XCBuildConfiguration;
			buildSettings = {
				BUNDLE_LOADER = "$(TEST_HOST)";
				FRAMEWORK_SEARCH_PATHS = (
					"$(SDKROOT)/Developer/Library/Frameworks",
					"$(inherited)",
				);
				GCC_PREPROCESSOR_DEFINITIONS = (
					"DEBUG=1",
					"$(inherited)",
				);
				INFOPLIST_FILE = ADPagerTests/Info.plist;
				LD_RUNPATH_SEARCH_PATHS = "$(inherited) @executable_path/Frameworks @loader_path/Frameworks";
				PRODUCT_NAME = "$(TARGET_NAME)";
				TEST_HOST = "$(BUILT_PRODUCTS_DIR)/ADPager.app/ADPager";
			};
			name = Debug;
		};
		42567C571B75A0CB0090D057 /* Release */ = {
			isa = XCBuildConfiguration;
			buildSettings = {
				BUNDLE_LOADER = "$(TEST_HOST)";
				FRAMEWORK_SEARCH_PATHS = (
					"$(SDKROOT)/Developer/Library/Frameworks",
					"$(inherited)",
				);
				INFOPLIST_FILE = ADPagerTests/Info.plist;
				LD_RUNPATH_SEARCH_PATHS = "$(inherited) @executable_path/Frameworks @loader_path/Frameworks";
				PRODUCT_NAME = "$(TARGET_NAME)";
				TEST_HOST = "$(BUILT_PRODUCTS_DIR)/ADPager.app/ADPager";
			};
			name = Release;
		};
/* End XCBuildConfiguration section */

/* Begin XCConfigurationList section */
		42567C2A1B75A0CB0090D057 /* Build configuration list for PBXProject "ADPager" */ = {
			isa = XCConfigurationList;
			buildConfigurations = (
				42567C501B75A0CB0090D057 /* Debug */,
				42567C511B75A0CB0090D057 /* Release */,
			);
			defaultConfigurationIsVisible = 0;
			defaultConfigurationName = Release;
		};
		42567C521B75A0CB0090D057 /* Build configuration list for PBXNativeTarget "ADPager" */ = {
			isa = XCConfigurationList;
			buildConfigurations = (
				42567C531B75A0CB0090D057 /* Debug */,
				42567C541B75A0CB0090D057 /* Release */,
			);
			defaultConfigurationIsVisible = 0;
			defaultConfigurationName = Release;
		};
		42567C551B75A0CB0090D057 /* Build configuration list for PBXNativeTarget "ADPagerTests" */ = {
			isa = XCConfigurationList;
			buildConfigurations = (
				42567C561B75A0CB0090D057 /* Debug */,
				42567C571B75A0CB0090D057 /* Release */,
			);
			defaultConfigurationIsVisible = 0;
			defaultConfigurationName = Release;
		};
/* End XCConfigurationList section */
	};
	rootObject = 42567C271B75A0CB0090D057 /* Project object */;
}
